// !$*UTF8*$!
{
	archiveVersion = 1;
	classes = {
	};
	objectVersion = 46;
	objects = {

/* Begin PBXBuildFile section */
		D9E11A901D4342F1002C91F1 /* main.m in Sources */ = {isa = PBXBuildFile; fileRef = D9E11A8F1D4342F1002C91F1 /* main.m */; };
		D9E11A931D4342F1002C91F1 /* AppDelegate.m in Sources */ = {isa = PBXBuildFile; fileRef = D9E11A921D4342F1002C91F1 /* AppDelegate.m */; };
		D9E11A961D4342F1002C91F1 /* ViewController.m in Sources */ = {isa = PBXBuildFile; fileRef = D9E11A951D4342F1002C91F1 /* ViewController.m */; };
		D9E11A991D4342F1002C91F1 /* Main.storyboard in Resources */ = {isa = PBXBuildFile; fileRef = D9E11A971D4342F1002C91F1 /* Main.storyboard */; };
		D9E11A9B1D4342F1002C91F1 /* Assets.xcassets in Resources */ = {isa = PBXBuildFile; fileRef = D9E11A9A1D4342F1002C91F1 /* Assets.xcassets */; };
		D9E11A9E1D4342F1002C91F1 /* LaunchScreen.storyboard in Resources */ = {isa = PBXBuildFile; fileRef = D9E11A9C1D4342F1002C91F1 /* LaunchScreen.storyboard */; };
		D9E11AA91D4342F2002C91F1 /* __Tests.m in Sources */ = {isa = PBXBuildFile; fileRef = D9E11AA81D4342F2002C91F1 /* __Tests.m */; };
		D9E11AB41D4342F2002C91F1 /* __UITests.m in Sources */ = {isa = PBXBuildFile; fileRef = D9E11AB31D4342F2002C91F1 /* __UITests.m */; };
		D9E11AC31D434370002C91F1 /* Animal.m in Sources */ = {isa = PBXBuildFile; fileRef = D9E11AC21D434370002C91F1 /* Animal.m */; };
		D9E11AC61D434417002C91F1 /* Food.m in Sources */ = {isa = PBXBuildFile; fileRef = D9E11AC51D434417002C91F1 /* Food.m */; };
		D9E11AC91D43442B002C91F1 /* Meat.m in Sources */ = {isa = PBXBuildFile; fileRef = D9E11AC81D43442B002C91F1 /* Meat.m */; };
		D9E11ACC1D43444A002C91F1 /* Grass.m in Sources */ = {isa = PBXBuildFile; fileRef = D9E11ACB1D43444A002C91F1 /* Grass.m */; };
/* End PBXBuildFile section */

/* Begin PBXContainerItemProxy section */
		D9E11AA51D4342F2002C91F1 /* PBXContainerItemProxy */ = {
			isa = PBXContainerItemProxy;
			containerPortal = D9E11A831D4342F1002C91F1 /* Project object */;
			proxyType = 1;
			remoteGlobalIDString = D9E11A8A1D4342F1002C91F1;
			remoteInfo = "泛型";
		};
		D9E11AB01D4342F2002C91F1 /* PBXContainerItemProxy */ = {
			isa = PBXContainerItemProxy;
			containerPortal = D9E11A831D4342F1002C91F1 /* Project object */;
			proxyType = 1;
			remoteGlobalIDString = D9E11A8A1D4342F1002C91F1;
			remoteInfo = "泛型";
		};
/* End PBXContainerItemProxy section */

/* Begin PBXFileReference section */
		D9E11A8B1D4342F1002C91F1 /* 泛型.app */ = {isa = PBXFileReference; explicitFileType = wrapper.application; includeInIndex = 0; path = "泛型.app"; sourceTree = BUILT_PRODUCTS_DIR; };
		D9E11A8F1D4342F1002C91F1 /* main.m */ = {isa = PBXFileReference; lastKnownFileType = sourcecode.c.objc; path = main.m; sourceTree = "<group>"; };
		D9E11A911D4342F1002C91F1 /* AppDelegate.h */ = {isa = PBXFileReference; lastKnownFileType = sourcecode.c.h; path = AppDelegate.h; sourceTree = "<group>"; };
		D9E11A921D4342F1002C91F1 /* AppDelegate.m */ = {isa = PBXFileReference; lastKnownFileType = sourcecode.c.objc; path = AppDelegate.m; sourceTree = "<group>"; };
		D9E11A941D4342F1002C91F1 /* ViewController.h */ = {isa = PBXFileReference; lastKnownFileType = sourcecode.c.h; path = ViewController.h; sourceTree = "<group>"; };
		D9E11A951D4342F1002C91F1 /* ViewController.m */ = {isa = PBXFileReference; lastKnownFileType = sourcecode.c.objc; path = ViewController.m; sourceTree = "<group>"; };
		D9E11A981D4342F1002C91F1 /* Base */ = {isa = PBXFileReference; lastKnownFileType = file.storyboard; name = Base; path = Base.lproj/Main.storyboard; sourceTree = "<group>"; };
		D9E11A9A1D4342F1002C91F1 /* Assets.xcassets */ = {isa = PBXFileReference; lastKnownFileType = folder.assetcatalog; path = Assets.xcassets; sourceTree = "<group>"; };
		D9E11A9D1D4342F1002C91F1 /* Base */ = {isa = PBXFileReference; lastKnownFileType = file.storyboard; name = Base; path = Base.lproj/LaunchScreen.storyboard; sourceTree = "<group>"; };
		D9E11A9F1D4342F1002C91F1 /* Info.plist */ = {isa = PBXFileReference; lastKnownFileType = text.plist.xml; path = Info.plist; sourceTree = "<group>"; };
		D9E11AA41D4342F2002C91F1 /* 泛型Tests.xctest */ = {isa = PBXFileReference; explicitFileType = wrapper.cfbundle; includeInIndex = 0; path = "泛型Tests.xctest"; sourceTree = BUILT_PRODUCTS_DIR; };
		D9E11AA81D4342F2002C91F1 /* __Tests.m */ = {isa = PBXFileReference; lastKnownFileType = sourcecode.c.objc; path = __Tests.m; sourceTree = "<group>"; };
		D9E11AAA1D4342F2002C91F1 /* Info.plist */ = {isa = PBXFileReference; lastKnownFileType = text.plist.xml; path = Info.plist; sourceTree = "<group>"; };
		D9E11AAF1D4342F2002C91F1 /* 泛型UITests.xctest */ = {isa = PBXFileReference; explicitFileType = wrapper.cfbundle; includeInIndex = 0; path = "泛型UITests.xctest"; sourceTree = BUILT_PRODUCTS_DIR; };
		D9E11AB31D4342F2002C91F1 /* __UITests.m */ = {isa = PBXFileReference; lastKnownFileType = sourcecode.c.objc; path = __UITests.m; sourceTree = "<group>"; };
		D9E11AB51D4342F2002C91F1 /* Info.plist */ = {isa = PBXFileReference; lastKnownFileType = text.plist.xml; path = Info.plist; sourceTree = "<group>"; };
		D9E11AC11D434370002C91F1 /* Animal.h */ = {isa = PBXFileReference; fileEncoding = 4; lastKnownFileType = sourcecode.c.h; path = Animal.h; sourceTree = "<group>"; };
		D9E11AC21D434370002C91F1 /* Animal.m */ = {isa = PBXFileReference; fileEncoding = 4; lastKnownFileType = sourcecode.c.objc; path = Animal.m; sourceTree = "<group>"; };
		D9E11AC41D434417002C91F1 /* Food.h */ = {isa = PBXFileReference; fileEncoding = 4; lastKnownFileType = sourcecode.c.h; path = Food.h; sourceTree = "<group>"; };
		D9E11AC51D434417002C91F1 /* Food.m */ = {isa = PBXFileReference; fileEncoding = 4; lastKnownFileType = sourcecode.c.objc; path = Food.m; sourceTree = "<group>"; };
		D9E11AC71D43442B002C91F1 /* Meat.h */ = {isa = PBXFileReference; fileEncoding = 4; lastKnownFileType = sourcecode.c.h; path = Meat.h; sourceTree = "<group>"; };
		D9E11AC81D43442B002C91F1 /* Meat.m */ = {isa = PBXFileReference; fileEncoding = 4; lastKnownFileType = sourcecode.c.objc; path = Meat.m; sourceTree = "<group>"; };
		D9E11ACA1D43444A002C91F1 /* Grass.h */ = {isa = PBXFileReference; fileEncoding = 4; lastKnownFileType = sourcecode.c.h; path = Grass.h; sourceTree = "<group>"; };
		D9E11ACB1D43444A002C91F1 /* Grass.m */ = {isa = PBXFileReference; fileEncoding = 4; lastKnownFileType = sourcecode.c.objc; path = Grass.m; sourceTree = "<group>"; };
/* End PBXFileReference section */

/* Begin PBXFrameworksBuildPhase section */
		D9E11A881D4342F1002C91F1 /* Frameworks */ = {
			isa = PBXFrameworksBuildPhase;
			buildActionMask = 2147483647;
			files = (
			);
			runOnlyForDeploymentPostprocessing = 0;
		};
		D9E11AA11D4342F2002C91F1 /* Frameworks */ = {
			isa = PBXFrameworksBuildPhase;
			buildActionMask = 2147483647;
			files = (
			);
			runOnlyForDeploymentPostprocessing = 0;
		};
		D9E11AAC1D4342F2002C91F1 /* Frameworks */ = {
			isa = PBXFrameworksBuildPhase;
			buildActionMask = 2147483647;
			files = (
			);
			runOnlyForDeploymentPostprocessing = 0;
		};
/* End PBXFrameworksBuildPhase section */

/* Begin PBXGroup section */
		D9E11A821D4342F1002C91F1 = {
			isa = PBXGroup;
			children = (
				D9E11AC11D434370002C91F1 /* Animal.h */,
				D9E11AC21D434370002C91F1 /* Animal.m */,
				D9E11AC41D434417002C91F1 /* Food.h */,
				D9E11AC51D434417002C91F1 /* Food.m */,
				D9E11AC71D43442B002C91F1 /* Meat.h */,
				D9E11AC81D43442B002C91F1 /* Meat.m */,
				D9E11ACA1D43444A002C91F1 /* Grass.h */,
				D9E11ACB1D43444A002C91F1 /* Grass.m */,
				D9E11A8D1D4342F1002C91F1 /* 泛型 */,
				D9E11AA71D4342F2002C91F1 /* 泛型Tests */,
				D9E11AB21D4342F2002C91F1 /* 泛型UITests */,
				D9E11A8C1D4342F1002C91F1 /* Products */,
			);
			sourceTree = "<group>";
		};
		D9E11A8C1D4342F1002C91F1 /* Products */ = {
			isa = PBXGroup;
			children = (
				D9E11A8B1D4342F1002C91F1 /* 泛型.app */,
				D9E11AA41D4342F2002C91F1 /* 泛型Tests.xctest */,
				D9E11AAF1D4342F2002C91F1 /* 泛型UITests.xctest */,
			);
			name = Products;
			sourceTree = "<group>";
		};
		D9E11A8D1D4342F1002C91F1 /* 泛型 */ = {
			isa = PBXGroup;
			children = (
				D9E11A911D4342F1002C91F1 /* AppDelegate.h */,
				D9E11A921D4342F1002C91F1 /* AppDelegate.m */,
				D9E11A941D4342F1002C91F1 /* ViewController.h */,
				D9E11A951D4342F1002C91F1 /* ViewController.m */,
				D9E11A971D4342F1002C91F1 /* Main.storyboard */,
				D9E11A9A1D4342F1002C91F1 /* Assets.xcassets */,
				D9E11A9C1D4342F1002C91F1 /* LaunchScreen.storyboard */,
				D9E11A9F1D4342F1002C91F1 /* Info.plist */,
				D9E11A8E1D4342F1002C91F1 /* Supporting Files */,
			);
			path = "泛型";
			sourceTree = "<group>";
		};
		D9E11A8E1D4342F1002C91F1 /* Supporting Files */ = {
			isa = PBXGroup;
			children = (
				D9E11A8F1D4342F1002C91F1 /* main.m */,
			);
			name = "Supporting Files";
			sourceTree = "<group>";
		};
		D9E11AA71D4342F2002C91F1 /* 泛型Tests */ = {
			isa = PBXGroup;
			children = (
				D9E11AA81D4342F2002C91F1 /* __Tests.m */,
				D9E11AAA1D4342F2002C91F1 /* Info.plist */,
			);
			path = "泛型Tests";
			sourceTree = "<group>";
		};
		D9E11AB21D4342F2002C91F1 /* 泛型UITests */ = {
			isa = PBXGroup;
			children = (
				D9E11AB31D4342F2002C91F1 /* __UITests.m */,
				D9E11AB51D4342F2002C91F1 /* Info.plist */,
			);
			path = "泛型UITests";
			sourceTree = "<group>";
		};
/* End PBXGroup section */

/* Begin PBXNativeTarget section */
		D9E11A8A1D4342F1002C91F1 /* 泛型 */ = {
			isa = PBXNativeTarget;
			buildConfigurationList = D9E11AB81D4342F2002C91F1 /* Build configuration list for PBXNativeTarget "泛型" */;
			buildPhases = (
				D9E11A871D4342F1002C91F1 /* Sources */,
				D9E11A881D4342F1002C91F1 /* Frameworks */,
				D9E11A891D4342F1002C91F1 /* Resources */,
			);
			buildRules = (
			);
			dependencies = (
			);
			name = "泛型";
			productName = "泛型";
			productReference = D9E11A8B1D4342F1002C91F1 /* 泛型.app */;
			productType = "com.apple.product-type.application";
		};
		D9E11AA31D4342F2002C91F1 /* 泛型Tests */ = {
			isa = PBXNativeTarget;
			buildConfigurationList = D9E11ABB1D4342F2002C91F1 /* Build configuration list for PBXNativeTarget "泛型Tests" */;
			buildPhases = (
				D9E11AA01D4342F2002C91F1 /* Sources */,
				D9E11AA11D4342F2002C91F1 /* Frameworks */,
				D9E11AA21D4342F2002C91F1 /* Resources */,
			);
			buildRules = (
			);
			dependencies = (
				D9E11AA61D4342F2002C91F1 /* PBXTargetDependency */,
			);
			name = "泛型Tests";
			productName = "泛型Tests";
			productReference = D9E11AA41D4342F2002C91F1 /* 泛型Tests.xctest */;
			productType = "com.apple.product-type.bundle.unit-test";
		};
		D9E11AAE1D4342F2002C91F1 /* 泛型UITests */ = {
			isa = PBXNativeTarget;
			buildConfigurationList = D9E11ABE1D4342F2002C91F1 /* Build configuration list for PBXNativeTarget "泛型UITests" */;
			buildPhases = (
				D9E11AAB1D4342F2002C91F1 /* Sources */,
				D9E11AAC1D4342F2002C91F1 /* Frameworks */,
				D9E11AAD1D4342F2002C91F1 /* Resources */,
			);
			buildRules = (
			);
			dependencies = (
				D9E11AB11D4342F2002C91F1 /* PBXTargetDependency */,
			);
			name = "泛型UITests";
			productName = "泛型UITests";
			productReference = D9E11AAF1D4342F2002C91F1 /* 泛型UITests.xctest */;
			productType = "com.apple.product-type.bundle.ui-testing";
		};
/* End PBXNativeTarget section */

/* Begin PBXProject section */
		D9E11A831D4342F1002C91F1 /* Project object */ = {
			isa = PBXProject;
			attributes = {
				LastUpgradeCheck = 0730;
				ORGANIZATIONNAME = LvYuan;
				TargetAttributes = {
					D9E11A8A1D4342F1002C91F1 = {
						CreatedOnToolsVersion = 7.3.1;
					};
					D9E11AA31D4342F2002C91F1 = {
						CreatedOnToolsVersion = 7.3.1;
						TestTargetID = D9E11A8A1D4342F1002C91F1;
					};
					D9E11AAE1D4342F2002C91F1 = {
						CreatedOnToolsVersion = 7.3.1;
						TestTargetID = D9E11A8A1D4342F1002C91F1;
					};
				};
			};
			buildConfigurationList = D9E11A861D4342F1002C91F1 /* Build configuration list for PBXProject "泛型" */;
			compatibilityVersion = "Xcode 3.2";
			developmentRegion = English;
			hasScannedForEncodings = 0;
			knownRegions = (
				en,
				Base,
			);
			mainGroup = D9E11A821D4342F1002C91F1;
			productRefGroup = D9E11A8C1D4342F1002C91F1 /* Products */;
			projectDirPath = "";
			projectRoot = "";
			targets = (
				D9E11A8A1D4342F1002C91F1 /* 泛型 */,
				D9E11AA31D4342F2002C91F1 /* 泛型Tests */,
				D9E11AAE1D4342F2002C91F1 /* 泛型UITests */,
			);
		};
/* End PBXProject section */

/* Begin PBXResourcesBuildPhase section */
		D9E11A891D4342F1002C91F1 /* Resources */ = {
			isa = PBXResourcesBuildPhase;
			buildActionMask = 2147483647;
			files = (
				D9E11A9E1D4342F1002C91F1 /* LaunchScreen.storyboard in Resources */,
				D9E11A9B1D4342F1002C91F1 /* Assets.xcassets in Resources */,
				D9E11A991D4342F1002C91F1 /* Main.storyboard in Resources */,
			);
			runOnlyForDeploymentPostprocessing = 0;
		};
		D9E11AA21D4342F2002C91F1 /* Resources */ = {
			isa = PBXResourcesBuildPhase;
			buildActionMask = 2147483647;
			files = (
			);
			runOnlyForDeploymentPostprocessing = 0;
		};
		D9E11AAD1D4342F2002C91F1 /* Resources */ = {
			isa = PBXResourcesBuildPhase;
			buildActionMask = 2147483647;
			files = (
			);
			runOnlyForDeploymentPostprocessing = 0;
		};
/* End PBXResourcesBuildPhase section */

/* Begin PBXSourcesBuildPhase section */
		D9E11A871D4342F1002C91F1 /* Sources */ = {
			isa = PBXSourcesBuildPhase;
			buildActionMask = 2147483647;
			files = (
				D9E11AC61D434417002C91F1 /* Food.m in Sources */,
				D9E11A961D4342F1002C91F1 /* ViewController.m in Sources */,
				D9E11ACC1D43444A002C91F1 /* Grass.m in Sources */,
				D9E11AC91D43442B002C91F1 /* Meat.m in Sources */,
				D9E11AC31D434370002C91F1 /* Animal.m in Sources */,
				D9E11A931D4342F1002C91F1 /* AppDelegate.m in Sources */,
				D9E11A901D4342F1002C91F1 /* main.m in Sources */,
			);
			runOnlyForDeploymentPostprocessing = 0;
		};
		D9E11AA01D4342F2002C91F1 /* Sources */ = {
			isa = PBXSourcesBuildPhase;
			buildActionMask = 2147483647;
			files = (
				D9E11AA91D4342F2002C91F1 /* __Tests.m in Sources */,
			);
			runOnlyForDeploymentPostprocessing = 0;
		};
		D9E11AAB1D4342F2002C91F1 /* Sources */ = {
			isa = PBXSourcesBuildPhase;
			buildActionMask = 2147483647;
			files = (
				D9E11AB41D4342F2002C91F1 /* __UITests.m in Sources */,
			);
			runOnlyForDeploymentPostprocessing = 0;
		};
/* End PBXSourcesBuildPhase section */

/* Begin PBXTargetDependency section */
		D9E11AA61D4342F2002C91F1 /* PBXTargetDependency */ = {
			isa = PBXTargetDependency;
			target = D9E11A8A1D4342F1002C91F1 /* 泛型 */;
			targetProxy = D9E11AA51D4342F2002C91F1 /* PBXContainerItemProxy */;
		};
		D9E11AB11D4342F2002C91F1 /* PBXTargetDependency */ = {
			isa = PBXTargetDependency;
			target = D9E11A8A1D4342F1002C91F1 /* 泛型 */;
			targetProxy = D9E11AB01D4342F2002C91F1 /* PBXContainerItemProxy */;
		};
/* End PBXTargetDependency section */

/* Begin PBXVariantGroup section */
		D9E11A971D4342F1002C91F1 /* Main.storyboard */ = {
			isa = PBXVariantGroup;
			children = (
				D9E11A981D4342F1002C91F1 /* Base */,
			);
			name = Main.storyboard;
			sourceTree = "<group>";
		};
		D9E11A9C1D4342F1002C91F1 /* LaunchScreen.storyboard */ = {
			isa = PBXVariantGroup;
			children = (
				D9E11A9D1D4342F1002C91F1 /* Base */,
			);
			name = LaunchScreen.storyboard;
			sourceTree = "<group>";
		};
/* End PBXVariantGroup section */

/* Begin XCBuildConfiguration section */
		D9E11AB61D4342F2002C91F1 /* Debug */ = {
			isa = XCBuildConfiguration;
			buildSettings = {
				ALWAYS_SEARCH_USER_PATHS = NO;
				CLANG_ANALYZER_NONNULL = YES;
				CLANG_CXX_LANGUAGE_STANDARD = "gnu++0x";
				CLANG_CXX_LIBRARY = "libc++";
				CLANG_ENABLE_MODULES = YES;
				CLANG_ENABLE_OBJC_ARC = YES;
				CLANG_WARN_BOOL_CONVERSION = YES;
				CLANG_WARN_CONSTANT_CONVERSION = YES;
				CLANG_WARN_DIRECT_OBJC_ISA_USAGE = YES_ERROR;
				CLANG_WARN_EMPTY_BODY = YES;
				CLANG_WARN_ENUM_CONVERSION = YES;
				CLANG_WARN_INT_CONVERSION = YES;
				CLANG_WARN_OBJC_ROOT_CLASS = YES_ERROR;
				CLANG_WARN_UNREACHABLE_CODE = YES;
				CLANG_WARN__DUPLICATE_METHOD_MATCH = YES;
				"CODE_SIGN_IDENTITY[sdk=iphoneos*]" = "iPhone Developer";
				COPY_PHASE_STRIP = NO;
				DEBUG_INFORMATION_FORMAT = dwarf;
				ENABLE_STRICT_OBJC_MSGSEND = YES;
				ENABLE_TESTABILITY = YES;
				GCC_C_LANGUAGE_STANDARD = gnu99;
				GCC_DYNAMIC_NO_PIC = NO;
				GCC_NO_COMMON_BLOCKS = YES;
				GCC_OPTIMIZATION_LEVEL = 0;
				GCC_PREPROCESSOR_DEFINITIONS = (
					"DEBUG=1",
					"$(inherited)",
				);
				GCC_WARN_64_TO_32_BIT_CONVERSION = YES;
				GCC_WARN_ABOUT_RETURN_TYPE = YES_ERROR;
				GCC_WARN_UNDECLARED_SELECTOR = YES;
				GCC_WARN_UNINITIALIZED_AUTOS = YES_AGGRESSIVE;
				GCC_WARN_UNUSED_FUNCTION = YES;
				GCC_WARN_UNUSED_VARIABLE = YES;
				IPHONEOS_DEPLOYMENT_TARGET = 9.3;
				MTL_ENABLE_DEBUG_INFO = YES;
				ONLY_ACTIVE_ARCH = YES;
				SDKROOT = iphoneos;
				TARGETED_DEVICE_FAMILY = "1,2";
			};
			name = Debug;
		};
		D9E11AB71D4342F2002C91F1 /* Release */ = {
			isa = XCBuildConfiguration;
			buildSettings = {
				ALWAYS_SEARCH_USER_PATHS = NO;
				CLANG_ANALYZER_NONNULL = YES;
				CLANG_CXX_LANGUAGE_STANDARD = "gnu++0x";
				CLANG_CXX_LIBRARY = "libc++";
				CLANG_ENABLE_MODULES = YES;
				CLANG_ENABLE_OBJC_ARC = YES;
				CLANG_WARN_BOOL_CONVERSION = YES;
				CLANG_WARN_CONSTANT_CONVERSION = YES;
				CLANG_WARN_DIRECT_OBJC_ISA_USAGE = YES_ERROR;
				CLANG_WARN_EMPTY_BODY = YES;
				CLANG_WARN_ENUM_CONVERSION = YES;
				CLANG_WARN_INT_CONVERSION = YES;
				CLANG_WARN_OBJC_ROOT_CLASS = YES_ERROR;
				CLANG_WARN_UNREACHABLE_CODE = YES;
				CLANG_WARN__DUPLICATE_METHOD_MATCH = YES;
				"CODE_SIGN_IDENTITY[sdk=iphoneos*]" = "iPhone Developer";
				COPY_PHASE_STRIP = NO;
				DEBUG_INFORMATION_FORMAT = "dwarf-with-dsym";
				ENABLE_NS_ASSERTIONS = NO;
				ENABLE_STRICT_OBJC_MSGSEND = YES;
				GCC_C_LANGUAGE_STANDARD = gnu99;
				GCC_NO_COMMON_BLOCKS = YES;
				GCC_WARN_64_TO_32_BIT_CONVERSION = YES;
				GCC_WARN_ABOUT_RETURN_TYPE = YES_ERROR;
				GCC_WARN_UNDECLARED_SELECTOR = YES;
				GCC_WARN_UNINITIALIZED_AUTOS = YES_AGGRESSIVE;
				GCC_WARN_UNUSED_FUNCTION = YES;
				GCC_WARN_UNUSED_VARIABLE = YES;
				IPHONEOS_DEPLOYMENT_TARGET = 9.3;
				MTL_ENABLE_DEBUG_INFO = NO;
				SDKROOT = iphoneos;
				TARGETED_DEVICE_FAMILY = "1,2";
				VALIDATE_PRODUCT = YES;
			};
			name = Release;
		};
		D9E11AB91D4342F2002C91F1 /* Debug */ = {
			isa = XCBuildConfiguration;
			buildSettings = {
				ASSETCATALOG_COMPILER_APPICON_NAME = AppIcon;
				INFOPLIST_FILE = "泛型/Info.plist";
				LD_RUNPATH_SEARCH_PATHS = "$(inherited) @executable_path/Frameworks";
				PRODUCT_BUNDLE_IDENTIFIER = "com.occode.--";
				PRODUCT_NAME = "$(TARGET_NAME)";
			};
			name = Debug;
		};
		D9E11ABA1D4342F2002C91F1 /* Release */ = {
			isa = XCBuildConfiguration;
			buildSettings = {
				ASSETCATALOG_COMPILER_APPICON_NAME = AppIcon;
				INFOPLIST_FILE = "泛型/Info.plist";
				LD_RUNPATH_SEARCH_PATHS = "$(inherited) @executable_path/Frameworks";
				PRODUCT_BUNDLE_IDENTIFIER = "com.occode.--";
				PRODUCT_NAME = "$(TARGET_NAME)";
			};
			name = Release;
		};
		D9E11ABC1D4342F2002C91F1 /* Debug */ = {
			isa = XCBuildConfiguration;
			buildSettings = {
				BUNDLE_LOADER = "$(TEST_HOST)";
				INFOPLIST_FILE = "泛型Tests/Info.plist";
				LD_RUNPATH_SEARCH_PATHS = "$(inherited) @executable_path/Frameworks @loader_path/Frameworks";
				PRODUCT_BUNDLE_IDENTIFIER = "com.occode.--Tests";
				PRODUCT_NAME = "$(TARGET_NAME)";
				TEST_HOST = "$(BUILT_PRODUCTS_DIR)/泛型.app/泛型";
			};
			name = Debug;
		};
		D9E11ABD1D4342F2002C91F1 /* Release */ = {
			isa = XCBuildConfiguration;
			buildSettings = {
				BUNDLE_LOADER = "$(TEST_HOST)";
				INFOPLIST_FILE = "泛型Tests/Info.plist";
				LD_RUNPATH_SEARCH_PATHS = "$(inherited) @executable_path/Frameworks @loader_path/Frameworks";
				PRODUCT_BUNDLE_IDENTIFIER = "com.occode.--Tests";
				PRODUCT_NAME = "$(TARGET_NAME)";
				TEST_HOST = "$(BUILT_PRODUCTS_DIR)/泛型.app/泛型";
			};
			name = Release;
		};
		D9E11ABF1D4342F2002C91F1 /* Debug */ = {
			isa = XCBuildConfiguration;
			buildSettings = {
				INFOPLIST_FILE = "泛型UITests/Info.plist";
				LD_RUNPATH_SEARCH_PATHS = "$(inherited) @executable_path/Frameworks @loader_path/Frameworks";
				PRODUCT_BUNDLE_IDENTIFIER = "com.occode.--UITests";
				PRODUCT_NAME = "$(TARGET_NAME)";
				TEST_TARGET_NAME = "泛型";
			};
			name = Debug;
		};
		D9E11AC01D4342F2002C91F1 /* Release */ = {
			isa = XCBuildConfiguration;
			buildSettings = {
				INFOPLIST_FILE = "泛型UITests/Info.plist";
				LD_RUNPATH_SEARCH_PATHS = "$(inherited) @executable_path/Frameworks @loader_path/Frameworks";
				PRODUCT_BUNDLE_IDENTIFIER = "com.occode.--UITests";
				PRODUCT_NAME = "$(TARGET_NAME)";
				TEST_TARGET_NAME = "泛型";
			};
			name = Release;
		};
/* End XCBuildConfiguration section */

/* Begin XCConfigurationList section */
		D9E11A861D4342F1002C91F1 /* Build configuration list for PBXProject "泛型" */ = {
			isa = XCConfigurationList;
			buildConfigurations = (
				D9E11AB61D4342F2002C91F1 /* Debug */,
				D9E11AB71D4342F2002C91F1 /* Release */,
			);
			defaultConfigurationIsVisible = 0;
			defaultConfigurationName = Release;
		};
		D9E11AB81D4342F2002C91F1 /* Build configuration list for PBXNativeTarget "泛型" */ = {
			isa = XCConfigurationList;
			buildConfigurations = (
				D9E11AB91D4342F2002C91F1 /* Debug */,
				D9E11ABA1D4342F2002C91F1 /* Release */,
			);
			defaultConfigurationIsVisible = 0;
			defaultConfigurationName = Release;
		};
		D9E11ABB1D4342F2002C91F1 /* Build configuration list for PBXNativeTarget "泛型Tests" */ = {
			isa = XCConfigurationList;
			buildConfigurations = (
				D9E11ABC1D4342F2002C91F1 /* Debug */,
				D9E11ABD1D4342F2002C91F1 /* Release */,
			);
			defaultConfigurationIsVisible = 0;
			defaultConfigurationName = Release;
		};
		D9E11ABE1D4342F2002C91F1 /* Build configuration list for PBXNativeTarget "泛型UITests" */ = {
			isa = XCConfigurationList;
			buildConfigurations = (
				D9E11ABF1D4342F2002C91F1 /* Debug */,
				D9E11AC01D4342F2002C91F1 /* Release */,
			);
			defaultConfigurationIsVisible = 0;
			defaultConfigurationName = Release;
		};
/* End XCConfigurationList section */
	};
	rootObject = D9E11A831D4342F1002C91F1 /* Project object */;
}
